# This file is generated by running "yarn install" inside your project.
# Manual changes might be lost - proceed with caution!

__metadata:
  version: 8
  cacheKey: 10c0

"@ethersproject/abi@npm:5.7.0, @ethersproject/abi@npm:^5.7.0":
  version: 5.7.0
  resolution: "@ethersproject/abi@npm:5.7.0"
  dependencies:
    "@ethersproject/address": "npm:^5.7.0"
    "@ethersproject/bignumber": "npm:^5.7.0"
    "@ethersproject/bytes": "npm:^5.7.0"
    "@ethersproject/constants": "npm:^5.7.0"
    "@ethersproject/hash": "npm:^5.7.0"
    "@ethersproject/keccak256": "npm:^5.7.0"
    "@ethersproject/logger": "npm:^5.7.0"
    "@ethersproject/properties": "npm:^5.7.0"
    "@ethersproject/strings": "npm:^5.7.0"
  checksum: 7de51bf52ff03df2526546dacea6e74f15d4c5ef762d931552082b9600dcefd8e333599f02d7906ba89f7b7f48c45ab72cee76f397212b4f17fa9d9ff5615916
  languageName: node
  linkType: hard

"@ethersproject/abstract-provider@npm:5.7.0, @ethersproject/abstract-provider@npm:^5.7.0":
  version: 5.7.0
  resolution: "@ethersproject/abstract-provider@npm:5.7.0"
  dependencies:
    "@ethersproject/bignumber": "npm:^5.7.0"
    "@ethersproject/bytes": "npm:^5.7.0"
    "@ethersproject/logger": "npm:^5.7.0"
    "@ethersproject/networks": "npm:^5.7.0"
    "@ethersproject/properties": "npm:^5.7.0"
    "@ethersproject/transactions": "npm:^5.7.0"
    "@ethersproject/web": "npm:^5.7.0"
  checksum: a5708e2811b90ddc53d9318ce152511a32dd4771aa2fb59dbe9e90468bb75ca6e695d958bf44d13da684dc3b6aab03f63d425ff7591332cb5d7ddaf68dff7224
  languageName: node
  linkType: hard

"@ethersproject/abstract-signer@npm:5.7.0, @ethersproject/abstract-signer@npm:^5.7.0":
  version: 5.7.0
  resolution: "@ethersproject/abstract-signer@npm:5.7.0"
  dependencies:
    "@ethersproject/abstract-provider": "npm:^5.7.0"
    "@ethersproject/bignumber": "npm:^5.7.0"
    "@ethersproject/bytes": "npm:^5.7.0"
    "@ethersproject/logger": "npm:^5.7.0"
    "@ethersproject/properties": "npm:^5.7.0"
  checksum: e174966b3be17269a5974a3ae5eef6d15ac62ee8c300ceace26767f218f6bbf3de66f29d9a9c9ca300fa8551aab4c92e28d2cc772f5475fdeaa78d9b5be0e745
  languageName: node
  linkType: hard

"@ethersproject/address@npm:5.7.0, @ethersproject/address@npm:^5.7.0":
  version: 5.7.0
  resolution: "@ethersproject/address@npm:5.7.0"
  dependencies:
    "@ethersproject/bignumber": "npm:^5.7.0"
    "@ethersproject/bytes": "npm:^5.7.0"
    "@ethersproject/keccak256": "npm:^5.7.0"
    "@ethersproject/logger": "npm:^5.7.0"
    "@ethersproject/rlp": "npm:^5.7.0"
  checksum: db5da50abeaae8f6cf17678323e8d01cad697f9a184b0593c62b71b0faa8d7e5c2ba14da78a998d691773ed6a8eb06701f65757218e0eaaeb134e5c5f3e5a908
  languageName: node
  linkType: hard

"@ethersproject/base64@npm:5.7.0, @ethersproject/base64@npm:^5.7.0":
  version: 5.7.0
  resolution: "@ethersproject/base64@npm:5.7.0"
  dependencies:
    "@ethersproject/bytes": "npm:^5.7.0"
  checksum: 4f748cd82af60ff1866db699fbf2bf057feff774ea0a30d1f03ea26426f53293ea10cc8265cda1695301da61093bedb8cc0d38887f43ed9dad96b78f19d7337e
  languageName: node
  linkType: hard

"@ethersproject/basex@npm:5.7.0, @ethersproject/basex@npm:^5.7.0":
  version: 5.7.0
  resolution: "@ethersproject/basex@npm:5.7.0"
  dependencies:
    "@ethersproject/bytes": "npm:^5.7.0"
    "@ethersproject/properties": "npm:^5.7.0"
  checksum: 02304de77477506ad798eb5c68077efd2531624380d770ef4a823e631a288fb680107a0f9dc4a6339b2a0b0f5b06ee77f53429afdad8f950cde0f3e40d30167d
  languageName: node
  linkType: hard

"@ethersproject/bignumber@npm:5.7.0, @ethersproject/bignumber@npm:^5.6.2, @ethersproject/bignumber@npm:^5.7.0":
  version: 5.7.0
  resolution: "@ethersproject/bignumber@npm:5.7.0"
  dependencies:
    "@ethersproject/bytes": "npm:^5.7.0"
    "@ethersproject/logger": "npm:^5.7.0"
    bn.js: "npm:^5.2.1"
  checksum: 14263cdc91a7884b141d9300f018f76f69839c47e95718ef7161b11d2c7563163096fee69724c5fa8ef6f536d3e60f1c605819edbc478383a2b98abcde3d37b2
  languageName: node
  linkType: hard

"@ethersproject/bytes@npm:5.7.0, @ethersproject/bytes@npm:^5.6.1, @ethersproject/bytes@npm:^5.7.0":
  version: 5.7.0
  resolution: "@ethersproject/bytes@npm:5.7.0"
  dependencies:
    "@ethersproject/logger": "npm:^5.7.0"
  checksum: 07dd1f0341b3de584ef26c8696674ff2bb032f4e99073856fc9cd7b4c54d1d846cabe149e864be267934658c3ce799e5ea26babe01f83af0e1f06c51e5ac791f
  languageName: node
  linkType: hard

"@ethersproject/constants@npm:5.7.0, @ethersproject/constants@npm:^5.7.0":
  version: 5.7.0
  resolution: "@ethersproject/constants@npm:5.7.0"
  dependencies:
    "@ethersproject/bignumber": "npm:^5.7.0"
  checksum: 6df63ab753e152726b84595250ea722165a5744c046e317df40a6401f38556385a37c84dadf5b11ca651c4fb60f967046125369c57ac84829f6b30e69a096273
  languageName: node
  linkType: hard

"@ethersproject/contracts@npm:5.7.0":
  version: 5.7.0
  resolution: "@ethersproject/contracts@npm:5.7.0"
  dependencies:
    "@ethersproject/abi": "npm:^5.7.0"
    "@ethersproject/abstract-provider": "npm:^5.7.0"
    "@ethersproject/abstract-signer": "npm:^5.7.0"
    "@ethersproject/address": "npm:^5.7.0"
    "@ethersproject/bignumber": "npm:^5.7.0"
    "@ethersproject/bytes": "npm:^5.7.0"
    "@ethersproject/constants": "npm:^5.7.0"
    "@ethersproject/logger": "npm:^5.7.0"
    "@ethersproject/properties": "npm:^5.7.0"
    "@ethersproject/transactions": "npm:^5.7.0"
  checksum: 97a10361dddaccfb3e9e20e24d071cfa570050adcb964d3452c5f7c9eaaddb4e145ec9cf928e14417948701b89e81d4907800e799a6083123e4d13a576842f41
  languageName: node
  linkType: hard

"@ethersproject/hash@npm:5.7.0, @ethersproject/hash@npm:^5.7.0":
  version: 5.7.0
  resolution: "@ethersproject/hash@npm:5.7.0"
  dependencies:
    "@ethersproject/abstract-signer": "npm:^5.7.0"
    "@ethersproject/address": "npm:^5.7.0"
    "@ethersproject/base64": "npm:^5.7.0"
    "@ethersproject/bignumber": "npm:^5.7.0"
    "@ethersproject/bytes": "npm:^5.7.0"
    "@ethersproject/keccak256": "npm:^5.7.0"
    "@ethersproject/logger": "npm:^5.7.0"
    "@ethersproject/properties": "npm:^5.7.0"
    "@ethersproject/strings": "npm:^5.7.0"
  checksum: 1a631dae34c4cf340dde21d6940dd1715fc7ae483d576f7b8ef9e8cb1d0e30bd7e8d30d4a7d8dc531c14164602323af2c3d51eb2204af18b2e15167e70c9a5ef
  languageName: node
  linkType: hard

"@ethersproject/hdnode@npm:5.7.0, @ethersproject/hdnode@npm:^5.7.0":
  version: 5.7.0
  resolution: "@ethersproject/hdnode@npm:5.7.0"
  dependencies:
    "@ethersproject/abstract-signer": "npm:^5.7.0"
    "@ethersproject/basex": "npm:^5.7.0"
    "@ethersproject/bignumber": "npm:^5.7.0"
    "@ethersproject/bytes": "npm:^5.7.0"
    "@ethersproject/logger": "npm:^5.7.0"
    "@ethersproject/pbkdf2": "npm:^5.7.0"
    "@ethersproject/properties": "npm:^5.7.0"
    "@ethersproject/sha2": "npm:^5.7.0"
    "@ethersproject/signing-key": "npm:^5.7.0"
    "@ethersproject/strings": "npm:^5.7.0"
    "@ethersproject/transactions": "npm:^5.7.0"
    "@ethersproject/wordlists": "npm:^5.7.0"
  checksum: 36d5c13fe69b1e0a18ea98537bc560d8ba166e012d63faac92522a0b5f405eb67d8848c5aca69e2470f62743aaef2ac36638d9e27fd8c68f51506eb61479d51d
  languageName: node
  linkType: hard

"@ethersproject/json-wallets@npm:5.7.0, @ethersproject/json-wallets@npm:^5.7.0":
  version: 5.7.0
  resolution: "@ethersproject/json-wallets@npm:5.7.0"
  dependencies:
    "@ethersproject/abstract-signer": "npm:^5.7.0"
    "@ethersproject/address": "npm:^5.7.0"
    "@ethersproject/bytes": "npm:^5.7.0"
    "@ethersproject/hdnode": "npm:^5.7.0"
    "@ethersproject/keccak256": "npm:^5.7.0"
    "@ethersproject/logger": "npm:^5.7.0"
    "@ethersproject/pbkdf2": "npm:^5.7.0"
    "@ethersproject/properties": "npm:^5.7.0"
    "@ethersproject/random": "npm:^5.7.0"
    "@ethersproject/strings": "npm:^5.7.0"
    "@ethersproject/transactions": "npm:^5.7.0"
    aes-js: "npm:3.0.0"
    scrypt-js: "npm:3.0.1"
  checksum: f1a84d19ff38d3506f453abc4702107cbc96a43c000efcd273a056371363767a06a8d746f84263b1300266eb0c329fe3b49a9b39a37aadd016433faf9e15a4bb
  languageName: node
  linkType: hard

"@ethersproject/keccak256@npm:5.7.0, @ethersproject/keccak256@npm:^5.7.0":
  version: 5.7.0
  resolution: "@ethersproject/keccak256@npm:5.7.0"
  dependencies:
    "@ethersproject/bytes": "npm:^5.7.0"
    js-sha3: "npm:0.8.0"
  checksum: 3b1a91706ff11f5ab5496840b9c36cedca27db443186d28b94847149fd16baecdc13f6fc5efb8359506392f2aba559d07e7f9c1e17a63f9d5de9f8053cfcb033
  languageName: node
  linkType: hard

"@ethersproject/logger@npm:5.7.0, @ethersproject/logger@npm:^5.7.0":
  version: 5.7.0
  resolution: "@ethersproject/logger@npm:5.7.0"
  checksum: d03d460fb2d4a5e71c627b7986fb9e50e1b59a6f55e8b42a545b8b92398b961e7fd294bd9c3d8f92b35d0f6ff9d15aa14c95eab378f8ea194e943c8ace343501
  languageName: node
  linkType: hard

"@ethersproject/networks@npm:5.7.1, @ethersproject/networks@npm:^5.7.0":
  version: 5.7.1
  resolution: "@ethersproject/networks@npm:5.7.1"
  dependencies:
    "@ethersproject/logger": "npm:^5.7.0"
  checksum: 9efcdce27f150459e85d74af3f72d5c32898823a99f5410e26bf26cca2d21fb14e403377314a93aea248e57fb2964e19cee2c3f7bfc586ceba4c803a8f1b75c0
  languageName: node
  linkType: hard

"@ethersproject/pbkdf2@npm:5.7.0, @ethersproject/pbkdf2@npm:^5.7.0":
  version: 5.7.0
  resolution: "@ethersproject/pbkdf2@npm:5.7.0"
  dependencies:
    "@ethersproject/bytes": "npm:^5.7.0"
    "@ethersproject/sha2": "npm:^5.7.0"
  checksum: e5a29cf28b4f4ca1def94d37cfb6a9c05c896106ed64881707813de01c1e7ded613f1e95febcccda4de96aae929068831d72b9d06beef1377b5a1a13a0eb3ff5
  languageName: node
  linkType: hard

"@ethersproject/properties@npm:5.7.0, @ethersproject/properties@npm:^5.7.0":
  version: 5.7.0
  resolution: "@ethersproject/properties@npm:5.7.0"
  dependencies:
    "@ethersproject/logger": "npm:^5.7.0"
  checksum: 4fe5d36e5550b8e23a305aa236a93e8f04d891d8198eecdc8273914c761b0e198fd6f757877406ee3eb05033ec271132a3e5998c7bd7b9a187964fb4f67b1373
  languageName: node
  linkType: hard

"@ethersproject/providers@npm:5.7.2":
  version: 5.7.2
  resolution: "@ethersproject/providers@npm:5.7.2"
  dependencies:
    "@ethersproject/abstract-provider": "npm:^5.7.0"
    "@ethersproject/abstract-signer": "npm:^5.7.0"
    "@ethersproject/address": "npm:^5.7.0"
    "@ethersproject/base64": "npm:^5.7.0"
    "@ethersproject/basex": "npm:^5.7.0"
    "@ethersproject/bignumber": "npm:^5.7.0"
    "@ethersproject/bytes": "npm:^5.7.0"
    "@ethersproject/constants": "npm:^5.7.0"
    "@ethersproject/hash": "npm:^5.7.0"
    "@ethersproject/logger": "npm:^5.7.0"
    "@ethersproject/networks": "npm:^5.7.0"
    "@ethersproject/properties": "npm:^5.7.0"
    "@ethersproject/random": "npm:^5.7.0"
    "@ethersproject/rlp": "npm:^5.7.0"
    "@ethersproject/sha2": "npm:^5.7.0"
    "@ethersproject/strings": "npm:^5.7.0"
    "@ethersproject/transactions": "npm:^5.7.0"
    "@ethersproject/web": "npm:^5.7.0"
    bech32: "npm:1.1.4"
    ws: "npm:7.4.6"
  checksum: 4c8d19e6b31f769c24042fb2d02e483a4ee60dcbfca9e3291f0a029b24337c47d1ea719a390be856f8fd02997125819e834415e77da4fb2023369712348dae4c
  languageName: node
  linkType: hard

"@ethersproject/random@npm:5.7.0, @ethersproject/random@npm:^5.7.0":
  version: 5.7.0
  resolution: "@ethersproject/random@npm:5.7.0"
  dependencies:
    "@ethersproject/bytes": "npm:^5.7.0"
    "@ethersproject/logger": "npm:^5.7.0"
  checksum: 23e572fc55372653c22062f6a153a68c2e2d3200db734cd0d39621fbfd0ca999585bed2d5682e3ac65d87a2893048375682e49d1473d9965631ff56d2808580b
  languageName: node
  linkType: hard

"@ethersproject/rlp@npm:5.7.0, @ethersproject/rlp@npm:^5.7.0":
  version: 5.7.0
  resolution: "@ethersproject/rlp@npm:5.7.0"
  dependencies:
    "@ethersproject/bytes": "npm:^5.7.0"
    "@ethersproject/logger": "npm:^5.7.0"
  checksum: bc863d21dcf7adf6a99ae75c41c4a3fb99698cfdcfc6d5d82021530f3d3551c6305bc7b6f0475ad6de6f69e91802b7e872bee48c0596d98969aefcf121c2a044
  languageName: node
  linkType: hard

"@ethersproject/sha2@npm:5.7.0, @ethersproject/sha2@npm:^5.7.0":
  version: 5.7.0
  resolution: "@ethersproject/sha2@npm:5.7.0"
  dependencies:
    "@ethersproject/bytes": "npm:^5.7.0"
    "@ethersproject/logger": "npm:^5.7.0"
    hash.js: "npm:1.1.7"
  checksum: 0e7f9ce6b1640817b921b9c6dd9dab8d5bf5a0ce7634d6a7d129b7366a576c2f90dcf4bcb15a0aa9310dde67028f3a44e4fcc2f26b565abcd2a0f465116ff3b1
  languageName: node
  linkType: hard

"@ethersproject/signing-key@npm:5.7.0, @ethersproject/signing-key@npm:^5.7.0":
  version: 5.7.0
  resolution: "@ethersproject/signing-key@npm:5.7.0"
  dependencies:
    "@ethersproject/bytes": "npm:^5.7.0"
    "@ethersproject/logger": "npm:^5.7.0"
    "@ethersproject/properties": "npm:^5.7.0"
    bn.js: "npm:^5.2.1"
    elliptic: "npm:6.5.4"
    hash.js: "npm:1.1.7"
  checksum: fe2ca55bcdb6e370d81372191d4e04671234a2da872af20b03c34e6e26b97dc07c1ee67e91b673680fb13344c9d5d7eae52f1fa6117733a3d68652b778843e09
  languageName: node
  linkType: hard

"@ethersproject/solidity@npm:5.7.0":
  version: 5.7.0
  resolution: "@ethersproject/solidity@npm:5.7.0"
  dependencies:
    "@ethersproject/bignumber": "npm:^5.7.0"
    "@ethersproject/bytes": "npm:^5.7.0"
    "@ethersproject/keccak256": "npm:^5.7.0"
    "@ethersproject/logger": "npm:^5.7.0"
    "@ethersproject/sha2": "npm:^5.7.0"
    "@ethersproject/strings": "npm:^5.7.0"
  checksum: bedf9918911144b0ec352b8aa7fa44abf63f0b131629c625672794ee196ba7d3992b0e0d3741935ca176813da25b9bcbc81aec454652c63113bdc3a1706beac6
  languageName: node
  linkType: hard

"@ethersproject/strings@npm:5.7.0, @ethersproject/strings@npm:^5.7.0":
  version: 5.7.0
  resolution: "@ethersproject/strings@npm:5.7.0"
  dependencies:
    "@ethersproject/bytes": "npm:^5.7.0"
    "@ethersproject/constants": "npm:^5.7.0"
    "@ethersproject/logger": "npm:^5.7.0"
  checksum: 570d87040ccc7d94de9861f76fc2fba6c0b84c5d6104a99a5c60b8a2401df2e4f24bf9c30afa536163b10a564a109a96f02e6290b80e8f0c610426f56ad704d1
  languageName: node
  linkType: hard

"@ethersproject/transactions@npm:5.7.0, @ethersproject/transactions@npm:^5.7.0":
  version: 5.7.0
  resolution: "@ethersproject/transactions@npm:5.7.0"
  dependencies:
    "@ethersproject/address": "npm:^5.7.0"
    "@ethersproject/bignumber": "npm:^5.7.0"
    "@ethersproject/bytes": "npm:^5.7.0"
    "@ethersproject/constants": "npm:^5.7.0"
    "@ethersproject/keccak256": "npm:^5.7.0"
    "@ethersproject/logger": "npm:^5.7.0"
    "@ethersproject/properties": "npm:^5.7.0"
    "@ethersproject/rlp": "npm:^5.7.0"
    "@ethersproject/signing-key": "npm:^5.7.0"
  checksum: aa4d51379caab35b9c468ed1692a23ae47ce0de121890b4f7093c982ee57e30bd2df0c743faed0f44936d7e59c55fffd80479f2c28ec6777b8de06bfb638c239
  languageName: node
  linkType: hard

"@ethersproject/units@npm:5.7.0":
  version: 5.7.0
  resolution: "@ethersproject/units@npm:5.7.0"
  dependencies:
    "@ethersproject/bignumber": "npm:^5.7.0"
    "@ethersproject/constants": "npm:^5.7.0"
    "@ethersproject/logger": "npm:^5.7.0"
  checksum: 4da2fdefe2a506cc9f8b408b2c8638ab35b843ec413d52713143f08501a55ff67a808897f9a91874774fb526423a0821090ba294f93e8bf4933a57af9677ac5e
  languageName: node
  linkType: hard

"@ethersproject/wallet@npm:5.7.0":
  version: 5.7.0
  resolution: "@ethersproject/wallet@npm:5.7.0"
  dependencies:
    "@ethersproject/abstract-provider": "npm:^5.7.0"
    "@ethersproject/abstract-signer": "npm:^5.7.0"
    "@ethersproject/address": "npm:^5.7.0"
    "@ethersproject/bignumber": "npm:^5.7.0"
    "@ethersproject/bytes": "npm:^5.7.0"
    "@ethersproject/hash": "npm:^5.7.0"
    "@ethersproject/hdnode": "npm:^5.7.0"
    "@ethersproject/json-wallets": "npm:^5.7.0"
    "@ethersproject/keccak256": "npm:^5.7.0"
    "@ethersproject/logger": "npm:^5.7.0"
    "@ethersproject/properties": "npm:^5.7.0"
    "@ethersproject/random": "npm:^5.7.0"
    "@ethersproject/signing-key": "npm:^5.7.0"
    "@ethersproject/transactions": "npm:^5.7.0"
    "@ethersproject/wordlists": "npm:^5.7.0"
  checksum: f872b957db46f9de247d39a398538622b6c7a12f93d69bec5f47f9abf0701ef1edc10497924dd1c14a68109284c39a1686fa85586d89b3ee65df49002c40ba4c
  languageName: node
  linkType: hard

"@ethersproject/web@npm:5.7.1, @ethersproject/web@npm:^5.7.0":
  version: 5.7.1
  resolution: "@ethersproject/web@npm:5.7.1"
  dependencies:
    "@ethersproject/base64": "npm:^5.7.0"
    "@ethersproject/bytes": "npm:^5.7.0"
    "@ethersproject/logger": "npm:^5.7.0"
    "@ethersproject/properties": "npm:^5.7.0"
    "@ethersproject/strings": "npm:^5.7.0"
  checksum: c82d6745c7f133980e8dab203955260e07da22fa544ccafdd0f21c79fae127bd6ef30957319e37b1cc80cddeb04d6bfb60f291bb14a97c9093d81ce50672f453
  languageName: node
  linkType: hard

"@ethersproject/wordlists@npm:5.7.0, @ethersproject/wordlists@npm:^5.7.0":
  version: 5.7.0
  resolution: "@ethersproject/wordlists@npm:5.7.0"
  dependencies:
    "@ethersproject/bytes": "npm:^5.7.0"
    "@ethersproject/hash": "npm:^5.7.0"
    "@ethersproject/logger": "npm:^5.7.0"
    "@ethersproject/properties": "npm:^5.7.0"
    "@ethersproject/strings": "npm:^5.7.0"
  checksum: da4f3eca6d691ebf4f578e6b2ec3a76dedba791be558f6cf7e10cd0bfbaeab5a6753164201bb72ced745fb02b6ef7ef34edcb7e6065ce2b624c6556a461c3f70
  languageName: node
  linkType: hard

"@iarna/toml@npm:^3.0.0":
  version: 3.0.0
  resolution: "@iarna/toml@npm:3.0.0"
  checksum: 419506f8d8183eb34e3d8d632dacbaf40790d20d56290acf3ad90765e20111140335e682b02e9fe76713fbf35dc652b2b482dbfd752c0aa890e6ef39b8f1c421
  languageName: node
  linkType: hard

"@synthetixio/router@npm:^3.3.0":
  version: 3.3.0
  resolution: "@synthetixio/router@npm:3.3.0"
  dependencies:
    "@ethersproject/keccak256": "npm:^5.7.0"
    debug: "npm:^4.3.4"
    mustache: "npm:^4.2.0"
  peerDependencies:
    "@usecannon/builder": ^2.0.0
    ethers: ^5.0.0
    hardhat: ^2.0.0
    solc: ^0.8.17
  checksum: de13cb3701081f094392fefe4d112567f3289d6c0b041e0a85ad577db79bf7de19d79b57c1597f4e94f2649bce0df572c19e3c73f2812430075134d554a1943c
  languageName: node
  linkType: hard

"@synthetixio/wei@npm:^2.74.1":
  version: 2.74.4
  resolution: "@synthetixio/wei@npm:2.74.4"
  dependencies:
    "@ethersproject/bignumber": "npm:^5.6.2"
    "@ethersproject/bytes": "npm:^5.6.1"
    big.js: "npm:^6.1.1"
  checksum: e1a4e5b5b7e447f462981a84fe3ec14832b409c90f8f899cbcf8672c14b3316b2b9548126d8743324d26c8eaffb227f8584f314f618036ee1bcb3505e7cfacf3
  languageName: node
  linkType: hard

"@usecannon/builder@npm:^2.9.2":
  version: 2.9.2
  resolution: "@usecannon/builder@npm:2.9.2"
  dependencies:
    "@synthetixio/router": "npm:^3.3.0"
    axios: "npm:^1.2.2"
    buffer: "npm:^6.0.3"
    debug: "npm:^4.3.4"
    form-data: "npm:^4.0.0"
    lodash: "npm:^4.17.21"
    pako: "npm:^2.1.0"
    promise-events: "npm:^0.2.4"
    typedoc-plugin-markdown: "npm:^3.15.4"
    zod: "npm:^3.21.4"
  peerDependencies:
    ethers: ">=5.6.0 < 6.0.0"
  checksum: 97f2f20b46a810141fc870b5107f23571b81e5df301c29f704725ea40bab64a1676edec9b31270652c31c2242289f0421c41febcfd0091fd72263937b1b8ba7f
  languageName: node
  linkType: hard

"@usecannon/cli@npm:^2.9.3":
  version: 2.9.3
  resolution: "@usecannon/cli@npm:2.9.3"
  dependencies:
    "@iarna/toml": "npm:^3.0.0"
    "@synthetixio/wei": "npm:^2.74.1"
    "@usecannon/builder": "npm:^2.9.2"
    chalk: "npm:^4.1.2"
    commander: "npm:^9.5.0"
    debug: "npm:^4.3.4"
    eth-provider: "npm:^0.13.6"
    ethers: "npm:^5.7.1"
    fastq: "npm:^1.15.0"
    fs-extra: "npm:^10.1.0"
    lodash: "npm:^4.17.21"
    prompts: "npm:^2.4.2"
    semver: "npm:^7.3.7"
    table: "npm:^6.8.0"
    tildify: "npm:2.0.0"
    untildify: "npm:^4.0.0"
  bin:
    cannon: bin/cannon.js
  checksum: 5a3f4679d4db32f24629cc75811ab7b741c5d73123a1b93c84c0cbfa9be5a6348b36dc1b3f496679834be7b34d962ec949b11f236c5708a9d4cb7f625a5240ae
  languageName: node
  linkType: hard

"aes-js@npm:3.0.0":
  version: 3.0.0
  resolution: "aes-js@npm:3.0.0"
  checksum: 87dd5b2363534b867db7cef8bc85a90c355460783744877b2db7c8be09740aac5750714f9e00902822f692662bda74cdf40e03fbb5214ffec75c2666666288b8
  languageName: node
  linkType: hard

"ajv@npm:^8.0.1":
  version: 8.12.0
  resolution: "ajv@npm:8.12.0"
  dependencies:
    fast-deep-equal: "npm:^3.1.1"
    json-schema-traverse: "npm:^1.0.0"
    require-from-string: "npm:^2.0.2"
    uri-js: "npm:^4.2.2"
  checksum: ac4f72adf727ee425e049bc9d8b31d4a57e1c90da8d28bcd23d60781b12fcd6fc3d68db5df16994c57b78b94eed7988f5a6b482fd376dc5b084125e20a0a622e
  languageName: node
  linkType: hard

"ansi-regex@npm:^5.0.1":
  version: 5.0.1
  resolution: "ansi-regex@npm:5.0.1"
  checksum: 9a64bb8627b434ba9327b60c027742e5d17ac69277960d041898596271d992d4d52ba7267a63ca10232e29f6107fc8a835f6ce8d719b88c5f8493f8254813737
  languageName: node
  linkType: hard

"ansi-styles@npm:^4.0.0, ansi-styles@npm:^4.1.0":
  version: 4.3.0
  resolution: "ansi-styles@npm:4.3.0"
  dependencies:
    color-convert: "npm:^2.0.1"
  checksum: 895a23929da416f2bd3de7e9cb4eabd340949328ab85ddd6e484a637d8f6820d485f53933446f5291c3b760cbc488beb8e88573dd0f9c7daf83dccc8fe81b041
  languageName: node
  linkType: hard

"astral-regex@npm:^2.0.0":
  version: 2.0.0
  resolution: "astral-regex@npm:2.0.0"
  checksum: f63d439cc383db1b9c5c6080d1e240bd14dae745f15d11ec5da863e182bbeca70df6c8191cffef5deba0b566ef98834610a68be79ac6379c95eeb26e1b310e25
  languageName: node
  linkType: hard

"asynckit@npm:^0.4.0":
  version: 0.4.0
  resolution: "asynckit@npm:0.4.0"
  checksum: d73e2ddf20c4eb9337e1b3df1a0f6159481050a5de457c55b14ea2e5cb6d90bb69e004c9af54737a5ee0917fcf2c9e25de67777bbe58261847846066ba75bc9d
  languageName: node
  linkType: hard

"axios@npm:^1.2.2":
  version: 1.6.0
  resolution: "axios@npm:1.6.0"
  dependencies:
    follow-redirects: "npm:^1.15.0"
    form-data: "npm:^4.0.0"
    proxy-from-env: "npm:^1.1.0"
  checksum: 2879e17b96cbca7e2096d231a44e2d0f03e657d79f8928ea38ec5fbaf5a5b7bf952d580cdb58a66ba328c26eb3528b89d5a32da57cc5cf89813786c044f7e9d6
  languageName: node
  linkType: hard

"base64-js@npm:^1.3.1":
  version: 1.5.1
  resolution: "base64-js@npm:1.5.1"
  checksum: f23823513b63173a001030fae4f2dabe283b99a9d324ade3ad3d148e218134676f1ee8568c877cd79ec1c53158dcf2d2ba527a97c606618928ba99dd930102bf
  languageName: node
  linkType: hard

"bech32@npm:1.1.4":
  version: 1.1.4
  resolution: "bech32@npm:1.1.4"
  checksum: 5f62ca47b8df99ace9c0e0d8deb36a919d91bf40066700aaa9920a45f86bb10eb56d537d559416fd8703aa0fb60dddb642e58f049701e7291df678b2033e5ee5
  languageName: node
  linkType: hard

"big.js@npm:^6.1.1":
  version: 6.2.1
  resolution: "big.js@npm:6.2.1"
  checksum: 87734c70e6c668f3bc29d84e99b8a97392debbea258d260419c847039d63251fddb8675019c751ceb54ae6fa5f796c5221c4c08526b316149b14ad78dc0d7db1
  languageName: node
  linkType: hard

"bn.js@npm:^4.11.9":
  version: 4.12.0
  resolution: "bn.js@npm:4.12.0"
  checksum: 9736aaa317421b6b3ed038ff3d4491935a01419ac2d83ddcfebc5717385295fcfcf0c57311d90fe49926d0abbd7a9dbefdd8861e6129939177f7e67ebc645b21
  languageName: node
  linkType: hard

"bn.js@npm:^5.2.1":
  version: 5.2.1
  resolution: "bn.js@npm:5.2.1"
  checksum: bed3d8bd34ec89dbcf9f20f88bd7d4a49c160fda3b561c7bb227501f974d3e435a48fb9b61bc3de304acab9215a3bda0803f7017ffb4d0016a0c3a740a283caa
  languageName: node
  linkType: hard

"brorand@npm:^1.1.0":
  version: 1.1.0
  resolution: "brorand@npm:1.1.0"
  checksum: 6f366d7c4990f82c366e3878492ba9a372a73163c09871e80d82fb4ae0d23f9f8924cb8a662330308206e6b3b76ba1d528b4601c9ef73c2166b440b2ea3b7571
  languageName: node
  linkType: hard

"buffer@npm:^6.0.3":
  version: 6.0.3
  resolution: "buffer@npm:6.0.3"
  dependencies:
    base64-js: "npm:^1.3.1"
    ieee754: "npm:^1.2.1"
  checksum: 2a905fbbcde73cc5d8bd18d1caa23715d5f83a5935867c2329f0ac06104204ba7947be098fe1317fbd8830e26090ff8e764f08cd14fefc977bb248c3487bcbd0
  languageName: node
  linkType: hard

"chalk@npm:^4.0.0, chalk@npm:^4.1.2":
  version: 4.1.2
  resolution: "chalk@npm:4.1.2"
  dependencies:
    ansi-styles: "npm:^4.1.0"
    supports-color: "npm:^7.1.0"
  checksum: 4a3fef5cc34975c898ffe77141450f679721df9dde00f6c304353fa9c8b571929123b26a0e4617bde5018977eb655b31970c297b91b63ee83bb82aeb04666880
  languageName: node
  linkType: hard

"color-convert@npm:^2.0.1":
  version: 2.0.1
  resolution: "color-convert@npm:2.0.1"
  dependencies:
    color-name: "npm:~1.1.4"
  checksum: 37e1150172f2e311fe1b2df62c6293a342ee7380da7b9cfdba67ea539909afbd74da27033208d01d6d5cfc65ee7868a22e18d7e7648e004425441c0f8a15a7d7
  languageName: node
  linkType: hard

"color-name@npm:~1.1.4":
  version: 1.1.4
  resolution: "color-name@npm:1.1.4"
  checksum: a1a3f914156960902f46f7f56bc62effc6c94e84b2cae157a526b1c1f74b677a47ec602bf68a61abfa2b42d15b7c5651c6dbe72a43af720bc588dff885b10f95
  languageName: node
  linkType: hard

"combined-stream@npm:^1.0.8":
  version: 1.0.8
  resolution: "combined-stream@npm:1.0.8"
  dependencies:
    delayed-stream: "npm:~1.0.0"
  checksum: 0dbb829577e1b1e839fa82b40c07ffaf7de8a09b935cadd355a73652ae70a88b4320db322f6634a4ad93424292fa80973ac6480986247f1734a1137debf271d5
  languageName: node
  linkType: hard

"command-exists@npm:^1.2.8":
  version: 1.2.9
  resolution: "command-exists@npm:1.2.9"
  checksum: 75040240062de46cd6cd43e6b3032a8b0494525c89d3962e280dde665103f8cc304a8b313a5aa541b91da2f5a9af75c5959dc3a77893a2726407a5e9a0234c16
  languageName: node
  linkType: hard

"commander@npm:^8.1.0":
  version: 8.3.0
  resolution: "commander@npm:8.3.0"
  checksum: 8b043bb8322ea1c39664a1598a95e0495bfe4ca2fad0d84a92d7d1d8d213e2a155b441d2470c8e08de7c4a28cf2bc6e169211c49e1b21d9f7edc6ae4d9356060
  languageName: node
  linkType: hard

"commander@npm:^9.5.0":
  version: 9.5.0
  resolution: "commander@npm:9.5.0"
  checksum: 5f7784fbda2aaec39e89eb46f06a999e00224b3763dc65976e05929ec486e174fe9aac2655f03ba6a5e83875bd173be5283dc19309b7c65954701c02025b3c1d
  languageName: node
  linkType: hard

"cookiejar@npm:^2.1.1":
  version: 2.1.4
  resolution: "cookiejar@npm:2.1.4"
  checksum: 2dae55611c6e1678f34d93984cbd4bda58f4fe3e5247cc4993f4a305cd19c913bbaf325086ed952e892108115073a747596453d3dc1c34947f47f731818b8ad1
  languageName: node
  linkType: hard

"debug@npm:^4.3.4":
  version: 4.3.4
  resolution: "debug@npm:4.3.4"
  dependencies:
    ms: "npm:2.1.2"
  peerDependenciesMeta:
    supports-color:
      optional: true
  checksum: cedbec45298dd5c501d01b92b119cd3faebe5438c3917ff11ae1bff86a6c722930ac9c8659792824013168ba6db7c4668225d845c633fbdafbbf902a6389f736
  languageName: node
  linkType: hard

"delayed-stream@npm:~1.0.0":
  version: 1.0.0
  resolution: "delayed-stream@npm:1.0.0"
  checksum: d758899da03392e6712f042bec80aa293bbe9e9ff1b2634baae6a360113e708b91326594c8a486d475c69d6259afb7efacdc3537bfcda1c6c648e390ce601b19
  languageName: node
  linkType: hard

"elliptic@npm:6.5.4":
  version: 6.5.4
  resolution: "elliptic@npm:6.5.4"
  dependencies:
    bn.js: "npm:^4.11.9"
    brorand: "npm:^1.1.0"
    hash.js: "npm:^1.0.0"
    hmac-drbg: "npm:^1.0.1"
    inherits: "npm:^2.0.4"
    minimalistic-assert: "npm:^1.0.1"
    minimalistic-crypto-utils: "npm:^1.0.1"
  checksum: 5f361270292c3b27cf0843e84526d11dec31652f03c2763c6c2b8178548175ff5eba95341dd62baff92b2265d1af076526915d8af6cc9cb7559c44a62f8ca6e2
  languageName: node
  linkType: hard

"emoji-regex@npm:^8.0.0":
  version: 8.0.0
  resolution: "emoji-regex@npm:8.0.0"
  checksum: b6053ad39951c4cf338f9092d7bfba448cdfd46fe6a2a034700b149ac9ffbc137e361cbd3c442297f86bed2e5f7576c1b54cc0a6bf8ef5106cc62f496af35010
  languageName: node
  linkType: hard

"eth-provider@npm:^0.13.6":
  version: 0.13.6
  resolution: "eth-provider@npm:0.13.6"
  dependencies:
    ethereum-provider: "npm:0.7.7"
    events: "npm:3.3.0"
    oboe: "npm:2.1.5"
    uuid: "npm:9.0.0"
    ws: "npm:8.9.0"
    xhr2-cookies: "npm:1.1.0"
  checksum: 3a9f07374592062228a22115fd02635ae5af7df1048b79a9f2cc823eead2b486c5ad334fefc1e6a77f500e18f5eda9a24a4e29247a3d9b97b95b48e117c58f90
  languageName: node
  linkType: hard

"ethereum-provider@npm:0.7.7":
  version: 0.7.7
  resolution: "ethereum-provider@npm:0.7.7"
  dependencies:
    events: "npm:3.3.0"
  checksum: 8a0cd841d6de2f203955a67712109da7752adff8e7c91807dffb29b2d11939e7d81046db178ee59136537fa15e178c728bb2d9b9040fbb30f1d426846a47cc2a
  languageName: node
  linkType: hard

"ethers@npm:^5.7.1":
  version: 5.7.2
  resolution: "ethers@npm:5.7.2"
  dependencies:
    "@ethersproject/abi": "npm:5.7.0"
    "@ethersproject/abstract-provider": "npm:5.7.0"
    "@ethersproject/abstract-signer": "npm:5.7.0"
    "@ethersproject/address": "npm:5.7.0"
    "@ethersproject/base64": "npm:5.7.0"
    "@ethersproject/basex": "npm:5.7.0"
    "@ethersproject/bignumber": "npm:5.7.0"
    "@ethersproject/bytes": "npm:5.7.0"
    "@ethersproject/constants": "npm:5.7.0"
    "@ethersproject/contracts": "npm:5.7.0"
    "@ethersproject/hash": "npm:5.7.0"
    "@ethersproject/hdnode": "npm:5.7.0"
    "@ethersproject/json-wallets": "npm:5.7.0"
    "@ethersproject/keccak256": "npm:5.7.0"
    "@ethersproject/logger": "npm:5.7.0"
    "@ethersproject/networks": "npm:5.7.1"
    "@ethersproject/pbkdf2": "npm:5.7.0"
    "@ethersproject/properties": "npm:5.7.0"
    "@ethersproject/providers": "npm:5.7.2"
    "@ethersproject/random": "npm:5.7.0"
    "@ethersproject/rlp": "npm:5.7.0"
    "@ethersproject/sha2": "npm:5.7.0"
    "@ethersproject/signing-key": "npm:5.7.0"
    "@ethersproject/solidity": "npm:5.7.0"
    "@ethersproject/strings": "npm:5.7.0"
    "@ethersproject/transactions": "npm:5.7.0"
    "@ethersproject/units": "npm:5.7.0"
    "@ethersproject/wallet": "npm:5.7.0"
    "@ethersproject/web": "npm:5.7.1"
    "@ethersproject/wordlists": "npm:5.7.0"
  checksum: 90629a4cdb88cde7a7694f5610a83eb00d7fbbaea687446b15631397988f591c554dd68dfa752ddf00aabefd6285e5b298be44187e960f5e4962684e10b39962
  languageName: node
  linkType: hard

"events@npm:3.3.0":
  version: 3.3.0
  resolution: "events@npm:3.3.0"
  checksum: d6b6f2adbccbcda74ddbab52ed07db727ef52e31a61ed26db9feb7dc62af7fc8e060defa65e5f8af9449b86b52cc1a1f6a79f2eafcf4e62add2b7a1fa4a432f6
  languageName: node
  linkType: hard

"fast-deep-equal@npm:^3.1.1":
  version: 3.1.3
  resolution: "fast-deep-equal@npm:3.1.3"
  checksum: 40dedc862eb8992c54579c66d914635afbec43350afbbe991235fdcb4e3a8d5af1b23ae7e79bef7d4882d0ecee06c3197488026998fb19f72dc95acff1d1b1d0
  languageName: node
  linkType: hard

"fastq@npm:^1.15.0":
  version: 1.15.0
  resolution: "fastq@npm:1.15.0"
  dependencies:
    reusify: "npm:^1.0.4"
  checksum: 5ce4f83afa5f88c9379e67906b4d31bc7694a30826d6cc8d0f0473c966929017fda65c2174b0ec89f064ede6ace6c67f8a4fe04cef42119b6a55b0d465554c24
  languageName: node
  linkType: hard

"follow-redirects@npm:^1.12.1, follow-redirects@npm:^1.15.0":
  version: 1.15.3
  resolution: "follow-redirects@npm:1.15.3"
  peerDependenciesMeta:
    debug:
      optional: true
  checksum: 915a2cf22e667bdf47b1a43cc6b7dce14d95039e9bbf9a24d0e739abfbdfa00077dd43c86d4a7a19efefcc7a99af144920a175eedc3888d268af5df67c272ee5
  languageName: node
  linkType: hard

"form-data@npm:^4.0.0":
  version: 4.0.0
  resolution: "form-data@npm:4.0.0"
  dependencies:
    asynckit: "npm:^0.4.0"
    combined-stream: "npm:^1.0.8"
    mime-types: "npm:^2.1.12"
  checksum: cb6f3ac49180be03ff07ba3ff125f9eba2ff0b277fb33c7fc47569fc5e616882c5b1c69b9904c4c4187e97dd0419dd03b134174756f296dec62041e6527e2c6e
  languageName: node
  linkType: hard

"fs-extra@npm:^10.1.0":
  version: 10.1.0
  resolution: "fs-extra@npm:10.1.0"
  dependencies:
    graceful-fs: "npm:^4.2.0"
    jsonfile: "npm:^6.0.1"
    universalify: "npm:^2.0.0"
  checksum: 5f579466e7109719d162a9249abbeffe7f426eb133ea486e020b89bc6d67a741134076bf439983f2eb79276ceaf6bd7b7c1e43c3fd67fe889863e69072fb0a5e
  languageName: node
  linkType: hard

"graceful-fs@npm:^4.1.6, graceful-fs@npm:^4.2.0":
  version: 4.2.11
  resolution: "graceful-fs@npm:4.2.11"
  checksum: 386d011a553e02bc594ac2ca0bd6d9e4c22d7fa8cfbfc448a6d148c59ea881b092db9dbe3547ae4b88e55f1b01f7c4a2ecc53b310c042793e63aa44cf6c257f2
  languageName: node
  linkType: hard

"handlebars@npm:^4.7.7":
  version: 4.7.8
  resolution: "handlebars@npm:4.7.8"
  dependencies:
    minimist: "npm:^1.2.5"
    neo-async: "npm:^2.6.2"
    source-map: "npm:^0.6.1"
    uglify-js: "npm:^3.1.4"
    wordwrap: "npm:^1.0.0"
  dependenciesMeta:
    uglify-js:
      optional: true
  bin:
    handlebars: bin/handlebars
  checksum: 7aff423ea38a14bb379316f3857fe0df3c5d66119270944247f155ba1f08e07a92b340c58edaa00cfe985c21508870ee5183e0634dcb53dd405f35c93ef7f10d
  languageName: node
  linkType: hard

"has-flag@npm:^4.0.0":
  version: 4.0.0
  resolution: "has-flag@npm:4.0.0"
  checksum: 2e789c61b7888d66993e14e8331449e525ef42aac53c627cc53d1c3334e768bcb6abdc4f5f0de1478a25beec6f0bd62c7549058b7ac53e924040d4f301f02fd1
  languageName: node
  linkType: hard

"hash.js@npm:1.1.7, hash.js@npm:^1.0.0, hash.js@npm:^1.0.3":
  version: 1.1.7
  resolution: "hash.js@npm:1.1.7"
  dependencies:
    inherits: "npm:^2.0.3"
    minimalistic-assert: "npm:^1.0.1"
  checksum: 41ada59494eac5332cfc1ce6b7ebdd7b88a3864a6d6b08a3ea8ef261332ed60f37f10877e0c825aaa4bddebf164fbffa618286aeeec5296675e2671cbfa746c4
  languageName: node
  linkType: hard

"hmac-drbg@npm:^1.0.1":
  version: 1.0.1
  resolution: "hmac-drbg@npm:1.0.1"
  dependencies:
    hash.js: "npm:^1.0.3"
    minimalistic-assert: "npm:^1.0.0"
    minimalistic-crypto-utils: "npm:^1.0.1"
  checksum: f3d9ba31b40257a573f162176ac5930109816036c59a09f901eb2ffd7e5e705c6832bedfff507957125f2086a0ab8f853c0df225642a88bf1fcaea945f20600d
  languageName: node
  linkType: hard

"http-https@npm:^1.0.0":
  version: 1.0.0
  resolution: "http-https@npm:1.0.0"
  checksum: ffdec0da28627110d1dd9fbe3f9d0b61b1876c3c856d460c532b69fc0536adba0e032cd7acafad82fcb970ae9c5b34ae8340ef17aa422124b56c27f4da8fc74a
  languageName: node
  linkType: hard

"ieee754@npm:^1.2.1":
  version: 1.2.1
  resolution: "ieee754@npm:1.2.1"
  checksum: b0782ef5e0935b9f12883a2e2aa37baa75da6e66ce6515c168697b42160807d9330de9a32ec1ed73149aea02e0d822e572bca6f1e22bdcbd2149e13b050b17bb
  languageName: node
  linkType: hard

"inherits@npm:^2.0.3, inherits@npm:^2.0.4":
  version: 2.0.4
  resolution: "inherits@npm:2.0.4"
  checksum: 4e531f648b29039fb7426fb94075e6545faa1eb9fe83c29f0b6d9e7263aceb4289d2d4557db0d428188eeb449cc7c5e77b0a0b2c4e248ff2a65933a0dee49ef2
  languageName: node
  linkType: hard

"is-fullwidth-code-point@npm:^3.0.0":
  version: 3.0.0
  resolution: "is-fullwidth-code-point@npm:3.0.0"
  checksum: bb11d825e049f38e04c06373a8d72782eee0205bda9d908cc550ccb3c59b99d750ff9537982e01733c1c94a58e35400661f57042158ff5e8f3e90cf936daf0fc
  languageName: node
  linkType: hard

"js-sha3@npm:0.8.0":
  version: 0.8.0
  resolution: "js-sha3@npm:0.8.0"
  checksum: 43a21dc7967c871bd2c46cb1c2ae97441a97169f324e509f382d43330d8f75cf2c96dba7c806ab08a425765a9c847efdd4bffbac2d99c3a4f3de6c0218f40533
  languageName: node
  linkType: hard

"json-schema-traverse@npm:^1.0.0":
  version: 1.0.0
  resolution: "json-schema-traverse@npm:1.0.0"
  checksum: 71e30015d7f3d6dc1c316d6298047c8ef98a06d31ad064919976583eb61e1018a60a0067338f0f79cabc00d84af3fcc489bd48ce8a46ea165d9541ba17fb30c6
  languageName: node
  linkType: hard

"jsonfile@npm:^6.0.1":
  version: 6.1.0
  resolution: "jsonfile@npm:6.1.0"
  dependencies:
    graceful-fs: "npm:^4.1.6"
    universalify: "npm:^2.0.0"
  dependenciesMeta:
    graceful-fs:
      optional: true
  checksum: 4f95b5e8a5622b1e9e8f33c96b7ef3158122f595998114d1e7f03985649ea99cb3cd99ce1ed1831ae94c8c8543ab45ebd044207612f31a56fd08462140e46865
  languageName: node
  linkType: hard

"kleur@npm:^3.0.3":
  version: 3.0.3
  resolution: "kleur@npm:3.0.3"
  checksum: cd3a0b8878e7d6d3799e54340efe3591ca787d9f95f109f28129bdd2915e37807bf8918bb295ab86afb8c82196beec5a1adcaf29042ce3f2bd932b038fe3aa4b
  languageName: node
  linkType: hard

"lodash.truncate@npm:^4.4.2":
  version: 4.4.2
  resolution: "lodash.truncate@npm:4.4.2"
  checksum: 4e870d54e8a6c86c8687e057cec4069d2e941446ccab7f40b4d9555fa5872d917d0b6aa73bece7765500a3123f1723bcdba9ae881b679ef120bba9e1a0b0ed70
  languageName: node
  linkType: hard

"lodash@npm:^4.17.21":
  version: 4.17.21
  resolution: "lodash@npm:4.17.21"
  checksum: d8cbea072bb08655bb4c989da418994b073a608dffa608b09ac04b43a791b12aeae7cd7ad919aa4c925f33b48490b5cfe6c1f71d827956071dae2e7bb3a6b74c
  languageName: node
  linkType: hard

"lru-cache@npm:^6.0.0":
  version: 6.0.0
  resolution: "lru-cache@npm:6.0.0"
  dependencies:
    yallist: "npm:^4.0.0"
  checksum: cb53e582785c48187d7a188d3379c181b5ca2a9c78d2bce3e7dee36f32761d1c42983da3fe12b55cb74e1779fa94cdc2e5367c028a9b35317184ede0c07a30a9
  languageName: node
  linkType: hard

"memorystream@npm:^0.3.1":
  version: 0.3.1
  resolution: "memorystream@npm:0.3.1"
  checksum: 4bd164657711d9747ff5edb0508b2944414da3464b7fe21ac5c67cf35bba975c4b446a0124bd0f9a8be54cfc18faf92e92bd77563a20328b1ccf2ff04e9f39b9
  languageName: node
  linkType: hard

"mime-db@npm:1.52.0":
  version: 1.52.0
  resolution: "mime-db@npm:1.52.0"
  checksum: 0557a01deebf45ac5f5777fe7740b2a5c309c6d62d40ceab4e23da9f821899ce7a900b7ac8157d4548ddbb7beffe9abc621250e6d182b0397ec7f10c7b91a5aa
  languageName: node
  linkType: hard

"mime-types@npm:^2.1.12":
  version: 2.1.35
  resolution: "mime-types@npm:2.1.35"
  dependencies:
    mime-db: "npm:1.52.0"
  checksum: 82fb07ec56d8ff1fc999a84f2f217aa46cb6ed1033fefaabd5785b9a974ed225c90dc72fff460259e66b95b73648596dbcc50d51ed69cdf464af2d237d3149b2
  languageName: node
  linkType: hard

"minimalistic-assert@npm:^1.0.0, minimalistic-assert@npm:^1.0.1":
  version: 1.0.1
  resolution: "minimalistic-assert@npm:1.0.1"
  checksum: 96730e5601cd31457f81a296f521eb56036e6f69133c0b18c13fe941109d53ad23a4204d946a0d638d7f3099482a0cec8c9bb6d642604612ce43ee536be3dddd
  languageName: node
  linkType: hard

"minimalistic-crypto-utils@npm:^1.0.1":
  version: 1.0.1
  resolution: "minimalistic-crypto-utils@npm:1.0.1"
  checksum: 790ecec8c5c73973a4fbf2c663d911033e8494d5fb0960a4500634766ab05d6107d20af896ca2132e7031741f19888154d44b2408ada0852446705441383e9f8
  languageName: node
  linkType: hard

"minimist@npm:^1.2.5":
  version: 1.2.8
  resolution: "minimist@npm:1.2.8"
  checksum: 19d3fcdca050087b84c2029841a093691a91259a47def2f18222f41e7645a0b7c44ef4b40e88a1e58a40c84d2ef0ee6047c55594d298146d0eb3f6b737c20ce6
  languageName: node
  linkType: hard

"ms@npm:2.1.2":
  version: 2.1.2
  resolution: "ms@npm:2.1.2"
  checksum: a437714e2f90dbf881b5191d35a6db792efbca5badf112f87b9e1c712aace4b4b9b742dd6537f3edf90fd6f684de897cec230abde57e87883766712ddda297cc
  languageName: node
  linkType: hard

"mustache@npm:^4.2.0":
  version: 4.2.0
  resolution: "mustache@npm:4.2.0"
  bin:
    mustache: bin/mustache
  checksum: 1f8197e8a19e63645a786581d58c41df7853da26702dbc005193e2437c98ca49b255345c173d50c08fe4b4dbb363e53cb655ecc570791f8deb09887248dd34a2
  languageName: node
  linkType: hard

"neo-async@npm:^2.6.2":
  version: 2.6.2
  resolution: "neo-async@npm:2.6.2"
  checksum: c2f5a604a54a8ec5438a342e1f356dff4bc33ccccdb6dc668d94fe8e5eccfc9d2c2eea6064b0967a767ba63b33763f51ccf2cd2441b461a7322656c1f06b3f5d
  languageName: node
  linkType: hard

"oboe@npm:2.1.5":
  version: 2.1.5
  resolution: "oboe@npm:2.1.5"
  dependencies:
    http-https: "npm:^1.0.0"
  checksum: 98e0b37d26a592e36a2a1ffef6f8d30d81046f9577535d380e8cf05e3f25cf239bc28c19a98512b41b31efdf3d6cf5be2375f395aa69b1bd2e85f6e12e4c22f9
  languageName: node
  linkType: hard

"os-tmpdir@npm:~1.0.2":
  version: 1.0.2
  resolution: "os-tmpdir@npm:1.0.2"
  checksum: f438450224f8e2687605a8dd318f0db694b6293c5d835ae509a69e97c8de38b6994645337e5577f5001115470414638978cc49da1cdcc25106dad8738dc69990
  languageName: node
  linkType: hard

"pako@npm:^2.1.0":
  version: 2.1.0
  resolution: "pako@npm:2.1.0"
  checksum: 8e8646581410654b50eb22a5dfd71159cae98145bd5086c9a7a816ec0370b5f72b4648d08674624b3870a521e6a3daffd6c2f7bc00fdefc7063c9d8232ff5116
  languageName: node
  linkType: hard

"promise-events@npm:^0.2.4":
  version: 0.2.4
  resolution: "promise-events@npm:0.2.4"
  checksum: c299357780c223e9ca6ba156d5d676ea9c14531f7ed0795d41b4683f1d7248120f2d7e5ed3ead81cb283e21b66e69bf87e7c924fe7a15734ac1a8b03eb09a1f8
  languageName: node
  linkType: hard

"prompts@npm:^2.4.2":
  version: 2.4.2
  resolution: "prompts@npm:2.4.2"
  dependencies:
    kleur: "npm:^3.0.3"
    sisteransi: "npm:^1.0.5"
  checksum: 16f1ac2977b19fe2cf53f8411cc98db7a3c8b115c479b2ca5c82b5527cd937aa405fa04f9a5960abeb9daef53191b53b4d13e35c1f5d50e8718c76917c5f1ea4
  languageName: node
  linkType: hard

"proxy-from-env@npm:^1.1.0":
  version: 1.1.0
  resolution: "proxy-from-env@npm:1.1.0"
  checksum: fe7dd8b1bdbbbea18d1459107729c3e4a2243ca870d26d34c2c1bcd3e4425b7bcc5112362df2d93cc7fb9746f6142b5e272fd1cc5c86ddf8580175186f6ad42b
  languageName: node
  linkType: hard

"punycode@npm:^2.1.0":
  version: 2.3.1
  resolution: "punycode@npm:2.3.1"
  checksum: 14f76a8206bc3464f794fb2e3d3cc665ae416c01893ad7a02b23766eb07159144ee612ad67af5e84fa4479ccfe67678c4feb126b0485651b302babf66f04f9e9
  languageName: node
  linkType: hard

"require-from-string@npm:^2.0.2":
  version: 2.0.2
  resolution: "require-from-string@npm:2.0.2"
  checksum: aaa267e0c5b022fc5fd4eef49d8285086b15f2a1c54b28240fdf03599cbd9c26049fee3eab894f2e1f6ca65e513b030a7c264201e3f005601e80c49fb2937ce2
  languageName: node
  linkType: hard

"reusify@npm:^1.0.4":
  version: 1.0.4
  resolution: "reusify@npm:1.0.4"
  checksum: c19ef26e4e188f408922c46f7ff480d38e8dfc55d448310dfb518736b23ed2c4f547fb64a6ed5bdba92cd7e7ddc889d36ff78f794816d5e71498d645ef476107
  languageName: node
  linkType: hard

"root-workspace-0b6124@workspace:.":
  version: 0.0.0-use.local
  resolution: "root-workspace-0b6124@workspace:."
  dependencies:
    "@usecannon/cli": "npm:^2.9.3"
    chalk: "npm:^4.0.0"
    solc: "npm:^0.8.22"
  languageName: unknown
  linkType: soft

"scrypt-js@npm:3.0.1":
  version: 3.0.1
  resolution: "scrypt-js@npm:3.0.1"
  checksum: e2941e1c8b5c84c7f3732b0153fee624f5329fc4e772a06270ee337d4d2df4174b8abb5e6ad53804a29f53890ecbc78f3775a319323568c0313040c0e55f5b10
  languageName: node
  linkType: hard

"semver@npm:^5.5.0":
  version: 5.7.2
  resolution: "semver@npm:5.7.2"
  bin:
    semver: bin/semver
  checksum: e4cf10f86f168db772ae95d86ba65b3fd6c5967c94d97c708ccb463b778c2ee53b914cd7167620950fc07faf5a564e6efe903836639e512a1aa15fbc9667fa25
  languageName: node
  linkType: hard

"semver@npm:^7.3.7":
  version: 7.5.4
  resolution: "semver@npm:7.5.4"
  dependencies:
    lru-cache: "npm:^6.0.0"
  bin:
    semver: bin/semver.js
  checksum: 5160b06975a38b11c1ab55950cb5b8a23db78df88275d3d8a42ccf1f29e55112ac995b3a26a522c36e3b5f76b0445f1eef70d696b8c7862a2b4303d7b0e7609e
  languageName: node
  linkType: hard

"sisteransi@npm:^1.0.5":
  version: 1.0.5
  resolution: "sisteransi@npm:1.0.5"
  checksum: 230ac975cca485b7f6fe2b96a711aa62a6a26ead3e6fb8ba17c5a00d61b8bed0d7adc21f5626b70d7c33c62ff4e63933017a6462942c719d1980bb0b1207ad46
  languageName: node
  linkType: hard

"slice-ansi@npm:^4.0.0":
  version: 4.0.0
  resolution: "slice-ansi@npm:4.0.0"
  dependencies:
    ansi-styles: "npm:^4.0.0"
    astral-regex: "npm:^2.0.0"
    is-fullwidth-code-point: "npm:^3.0.0"
  checksum: 6c25678db1270d4793e0327620f1e0f9f5bea4630123f51e9e399191bc52c87d6e6de53ed33538609e5eacbd1fab769fae00f3705d08d029f02102a540648918
  languageName: node
  linkType: hard

"solc@npm:^0.8.22":
  version: 0.8.22
  resolution: "solc@npm:0.8.22"
  dependencies:
    command-exists: "npm:^1.2.8"
    commander: "npm:^8.1.0"
    follow-redirects: "npm:^1.12.1"
    js-sha3: "npm:0.8.0"
    memorystream: "npm:^0.3.1"
    semver: "npm:^5.5.0"
    tmp: "npm:0.0.33"
  bin:
    solcjs: solc.js
  checksum: 7075645dc3b8f3ba6d9160e9df422fb0e156b301c703c902fed67508958f53fdd1779af41975bd10676f2af5d423b5032246981bb653ab18a2b5b457e0a28807
  languageName: node
  linkType: hard

"source-map@npm:^0.6.1":
  version: 0.6.1
  resolution: "source-map@npm:0.6.1"
  checksum: ab55398007c5e5532957cb0beee2368529618ac0ab372d789806f5718123cc4367d57de3904b4e6a4170eb5a0b0f41373066d02ca0735a0c4d75c7d328d3e011
  languageName: node
  linkType: hard

"string-width@npm:^4.2.3":
  version: 4.2.3
  resolution: "string-width@npm:4.2.3"
  dependencies:
    emoji-regex: "npm:^8.0.0"
    is-fullwidth-code-point: "npm:^3.0.0"
    strip-ansi: "npm:^6.0.1"
  checksum: 1e525e92e5eae0afd7454086eed9c818ee84374bb80328fc41217ae72ff5f065ef1c9d7f72da41de40c75fa8bb3dee63d92373fd492c84260a552c636392a47b
  languageName: node
  linkType: hard

"strip-ansi@npm:^6.0.1":
  version: 6.0.1
  resolution: "strip-ansi@npm:6.0.1"
  dependencies:
    ansi-regex: "npm:^5.0.1"
  checksum: 1ae5f212a126fe5b167707f716942490e3933085a5ff6c008ab97ab2f272c8025d3aa218b7bd6ab25729ca20cc81cddb252102f8751e13482a5199e873680952
  languageName: node
  linkType: hard

"supports-color@npm:^7.1.0":
  version: 7.2.0
  resolution: "supports-color@npm:7.2.0"
  dependencies:
    has-flag: "npm:^4.0.0"
  checksum: afb4c88521b8b136b5f5f95160c98dee7243dc79d5432db7efc27efb219385bbc7d9427398e43dd6cc730a0f87d5085ce1652af7efbe391327bc0a7d0f7fc124
  languageName: node
  linkType: hard

"table@npm:^6.8.0":
  version: 6.8.1
  resolution: "table@npm:6.8.1"
  dependencies:
    ajv: "npm:^8.0.1"
    lodash.truncate: "npm:^4.4.2"
    slice-ansi: "npm:^4.0.0"
    string-width: "npm:^4.2.3"
    strip-ansi: "npm:^6.0.1"
  checksum: 591ed84b2438b01c9bc02248e2238e21e8bfb73654bc5acca0d469053eb39be3db2f57d600dcf08ac983b6f50f80842c44612c03877567c2afee3aec4a033e5f
  languageName: node
  linkType: hard

"tildify@npm:2.0.0":
  version: 2.0.0
  resolution: "tildify@npm:2.0.0"
  checksum: 57961810a6915f47bdba7da7fa66a5f12597a0495fa016785de197b02e7ba9994ffebb30569294061bbf6d9395c6b1319d830076221e5a3f49f1318bc749565c
  languageName: node
  linkType: hard

"tmp@npm:0.0.33":
  version: 0.0.33
  resolution: "tmp@npm:0.0.33"
  dependencies:
    os-tmpdir: "npm:~1.0.2"
  checksum: 69863947b8c29cabad43fe0ce65cec5bb4b481d15d4b4b21e036b060b3edbf3bc7a5541de1bacb437bb3f7c4538f669752627fdf9b4aaf034cebd172ba373408
  languageName: node
  linkType: hard

"typedoc-plugin-markdown@npm:^3.15.4":
  version: 3.17.0
  resolution: "typedoc-plugin-markdown@npm:3.17.0"
  dependencies:
    handlebars: "npm:^4.7.7"
  peerDependencies:
    typedoc: ">=0.24.0"
  checksum: d96f7c4b841fdd18cd5b260426f3f0ddda8c010bb43da5040310d2abeb1b4842247c1cb8fde4a37a51708dd5b4d7183bcf617dd291438bbe9429ec804785d2b0
  languageName: node
  linkType: hard

"uglify-js@npm:^3.1.4":
  version: 3.17.4
  resolution: "uglify-js@npm:3.17.4"
  bin:
    uglifyjs: bin/uglifyjs
  checksum: 8b7fcdca69deb284fed7d2025b73eb747ce37f9aca6af53422844f46427152d5440601b6e2a033e77856a2f0591e4167153d5a21b68674ad11f662034ec13ced
  languageName: node
  linkType: hard

"universalify@npm:^2.0.0":
  version: 2.0.1
  resolution: "universalify@npm:2.0.1"
  checksum: 73e8ee3809041ca8b818efb141801a1004e3fc0002727f1531f4de613ea281b494a40909596dae4a042a4fb6cd385af5d4db2e137b1362e0e91384b828effd3a
  languageName: node
  linkType: hard

"untildify@npm:^4.0.0":
  version: 4.0.0
  resolution: "untildify@npm:4.0.0"
  checksum: d758e624c707d49f76f7511d75d09a8eda7f2020d231ec52b67ff4896bcf7013be3f9522d8375f57e586e9a2e827f5641c7e06ee46ab9c435fc2b2b2e9de517a
  languageName: node
  linkType: hard

"uri-js@npm:^4.2.2":
  version: 4.4.1
  resolution: "uri-js@npm:4.4.1"
  dependencies:
    punycode: "npm:^2.1.0"
  checksum: 4ef57b45aa820d7ac6496e9208559986c665e49447cb072744c13b66925a362d96dd5a46c4530a6b8e203e5db5fe849369444440cb22ecfc26c679359e5dfa3c
  languageName: node
  linkType: hard

"uuid@npm:9.0.0":
  version: 9.0.0
  resolution: "uuid@npm:9.0.0"
  bin:
    uuid: dist/bin/uuid
  checksum: 8867e438990d1d33ac61093e2e4e3477a2148b844e4fa9e3c2360fa4399292429c4b6ec64537eb1659c97b2d10db349c673ad58b50e2824a11e0d3630de3c056
  languageName: node
  linkType: hard

"wordwrap@npm:^1.0.0":
  version: 1.0.0
  resolution: "wordwrap@npm:1.0.0"
  checksum: 7ed2e44f3c33c5c3e3771134d2b0aee4314c9e49c749e37f464bf69f2bcdf0cbf9419ca638098e2717cff4875c47f56a007532f6111c3319f557a2ca91278e92
  languageName: node
  linkType: hard

"ws@npm:7.4.6":
  version: 7.4.6
  resolution: "ws@npm:7.4.6"
  peerDependencies:
    bufferutil: ^4.0.1
    utf-8-validate: ^5.0.2
  peerDependenciesMeta:
    bufferutil:
      optional: true
    utf-8-validate:
      optional: true
  checksum: 4b44b59bbc0549c852fb2f0cdb48e40e122a1b6078aeed3d65557cbeb7d37dda7a4f0027afba2e6a7a695de17701226d02b23bd15c97b0837808c16345c62f8e
  languageName: node
  linkType: hard

"ws@npm:8.9.0":
  version: 8.9.0
  resolution: "ws@npm:8.9.0"
  peerDependencies:
    bufferutil: ^4.0.1
    utf-8-validate: ^5.0.2
  peerDependenciesMeta:
    bufferutil:
      optional: true
    utf-8-validate:
      optional: true
  checksum: 0a1e9868f2e527e33419ddf874027742acc62cdc7541d4a09a28ea7d0d860856fb09712ec6d85d4a64dc1f0fb512c3e107469ddf99a8a44f5944d5733a72099a
  languageName: node
  linkType: hard

"xhr2-cookies@npm:1.1.0":
  version: 1.1.0
  resolution: "xhr2-cookies@npm:1.1.0"
  dependencies:
    cookiejar: "npm:^2.1.1"
  checksum: 38faf4ebecdc003559c58a19e389b51ea227c92d0d38f385e9b43f75df675eae9b7ac6335ecba813990af804d448f69109806e76b07eaf689ad863b303222a6c
  languageName: node
  linkType: hard

"yallist@npm:^4.0.0":
  version: 4.0.0
  resolution: "yallist@npm:4.0.0"
  checksum: 2286b5e8dbfe22204ab66e2ef5cc9bbb1e55dfc873bbe0d568aa943eb255d131890dfd5bf243637273d31119b870f49c18fcde2c6ffbb7a7a092b870dc90625a
  languageName: node
  linkType: hard

"zod@npm:^3.21.4":
  version: 3.22.4
  resolution: "zod@npm:3.22.4"
  checksum: 7578ab283dac0eee66a0ad0fc4a7f28c43e6745aadb3a529f59a4b851aa10872b3890398b3160f257f4b6817b4ce643debdda4fb21a2c040adda7862cab0a587
  languageName: node
  linkType: hard
